// !$*UTF8*$!
{
	archiveVersion = 1;
	classes = {
	};
	objectVersion = 50;
	objects = {

/* Begin PBXBuildFile section */
		E0177FD123A1FCEA00F92EAD /* TableViewController.swift in Sources */ = {isa = PBXBuildFile; fileRef = E0177FD023A1FCEA00F92EAD /* TableViewController.swift */; };
		E0604E2B23A0B20200D9203B /* AppDelegate.swift in Sources */ = {isa = PBXBuildFile; fileRef = E0604E2A23A0B20200D9203B /* AppDelegate.swift */; };
		E0604E2D23A0B20200D9203B /* SceneDelegate.swift in Sources */ = {isa = PBXBuildFile; fileRef = E0604E2C23A0B20200D9203B /* SceneDelegate.swift */; };
		E0604E2F23A0B20200D9203B /* ViewController.swift in Sources */ = {isa = PBXBuildFile; fileRef = E0604E2E23A0B20200D9203B /* ViewController.swift */; };
		E0604E3223A0B20200D9203B /* Main.storyboard in Resources */ = {isa = PBXBuildFile; fileRef = E0604E3023A0B20200D9203B /* Main.storyboard */; };
		E0604E3523A0B20200D9203B /* WeatherWardrobe.xcdatamodeld in Sources */ = {isa = PBXBuildFile; fileRef = E0604E3323A0B20200D9203B /* WeatherWardrobe.xcdatamodeld */; };
		E0604E3723A0B20400D9203B /* Assets.xcassets in Resources */ = {isa = PBXBuildFile; fileRef = E0604E3623A0B20400D9203B /* Assets.xcassets */; };
		E0604E3A23A0B20400D9203B /* LaunchScreen.storyboard in Resources */ = {isa = PBXBuildFile; fileRef = E0604E3823A0B20400D9203B /* LaunchScreen.storyboard */; };
/* End PBXBuildFile section */

/* Begin PBXFileReference section */
		E0177FD023A1FCEA00F92EAD /* TableViewController.swift */ = {isa = PBXFileReference; lastKnownFileType = sourcecode.swift; path = TableViewController.swift; sourceTree = "<group>"; };
		E0604E2723A0B20200D9203B /* WeatherWardrobe.app */ = {isa = PBXFileReference; explicitFileType = wrapper.application; includeInIndex = 0; path = WeatherWardrobe.app; sourceTree = BUILT_PRODUCTS_DIR; };
		E0604E2A23A0B20200D9203B /* AppDelegate.swift */ = {isa = PBXFileReference; lastKnownFileType = sourcecode.swift; path = AppDelegate.swift; sourceTree = "<group>"; };
		E0604E2C23A0B20200D9203B /* SceneDelegate.swift */ = {isa = PBXFileReference; lastKnownFileType = sourcecode.swift; path = SceneDelegate.swift; sourceTree = "<group>"; };
		E0604E2E23A0B20200D9203B /* ViewController.swift */ = {isa = PBXFileReference; lastKnownFileType = sourcecode.swift; path = ViewController.swift; sourceTree = "<group>"; };
		E0604E3123A0B20200D9203B /* Base */ = {isa = PBXFileReference; lastKnownFileType = file.storyboard; name = Base; path = Base.lproj/Main.storyboard; sourceTree = "<group>"; };
		E0604E3423A0B20200D9203B /* WeatherWardrobe.xcdatamodel */ = {isa = PBXFileReference; lastKnownFileType = wrapper.xcdatamodel; path = WeatherWardrobe.xcdatamodel; sourceTree = "<group>"; };
		E0604E3623A0B20400D9203B /* Assets.xcassets */ = {isa = PBXFileReference; lastKnownFileType = folder.assetcatalog; path = Assets.xcassets; sourceTree = "<group>"; };
		E0604E3923A0B20400D9203B /* Base */ = {isa = PBXFileReference; lastKnownFileType = file.storyboard; name = Base; path = Base.lproj/LaunchScreen.storyboard; sourceTree = "<group>"; };
		E0604E3B23A0B20400D9203B /* Info.plist */ = {isa = PBXFileReference; lastKnownFileType = text.plist.xml; path = Info.plist; sourceTree = "<group>"; };
/* End PBXFileReference section */

/* Begin PBXFrameworksBuildPhase section */
		E0604E2423A0B20200D9203B /* Frameworks */ = {
			isa = PBXFrameworksBuildPhase;
			buildActionMask = 2147483647;
			files = (
			);
			runOnlyForDeploymentPostprocessing = 0;
		};
/* End PBXFrameworksBuildPhase section */

/* Begin PBXGroup section */
		E0604E1E23A0B20200D9203B = {
			isa = PBXGroup;
			children = (
				E0604E2923A0B20200D9203B /* WeatherWardrobe */,
				E0604E2823A0B20200D9203B /* Products */,
			);
			sourceTree = "<group>";
		};
		E0604E2823A0B20200D9203B /* Products */ = {
			isa = PBXGroup;
			children = (
				E0604E2723A0B20200D9203B /* WeatherWardrobe.app */,
			);
			name = Products;
			sourceTree = "<group>";
		};
		E0604E2923A0B20200D9203B /* WeatherWardrobe */ = {
			isa = PBXGroup;
			children = (
				E0604E2A23A0B20200D9203B /* AppDelegate.swift */,
				E0604E2C23A0B20200D9203B /* SceneDelegate.swift */,
				E0604E2E23A0B20200D9203B /* ViewController.swift */,
				E0604E3023A0B20200D9203B /* Main.storyboard */,
				E0604E3623A0B20400D9203B /* Assets.xcassets */,
				E0604E3823A0B20400D9203B /* LaunchScreen.storyboard */,
				E0604E3B23A0B20400D9203B /* Info.plist */,
				E0604E3323A0B20200D9203B /* WeatherWardrobe.xcdatamodeld */,
				E0177FD023A1FCEA00F92EAD /* TableViewController.swift */,
			);
			path = WeatherWardrobe;
			sourceTree = "<group>";
		};
/* End PBXGroup section */

/* Begin PBXNativeTarget section */
		E0604E2623A0B20200D9203B /* WeatherWardrobe */ = {
			isa = PBXNativeTarget;
			buildConfigurationList = E0604E3E23A0B20400D9203B /* Build configuration list for PBXNativeTarget "WeatherWardrobe" */;
			buildPhases = (
				E0604E2323A0B20200D9203B /* Sources */,
				E0604E2423A0B20200D9203B /* Frameworks */,
				E0604E2523A0B20200D9203B /* Resources */,
			);
			buildRules = (
			);
			dependencies = (
			);
			name = WeatherWardrobe;
			productName = WeatherWardrobe;
			productReference = E0604E2723A0B20200D9203B /* WeatherWardrobe.app */;
			productType = "com.apple.product-type.application";
		};
/* End PBXNativeTarget section */

/* Begin PBXProject section */
		E0604E1F23A0B20200D9203B /* Project object */ = {
			isa = PBXProject;
			attributes = {
				LastSwiftUpdateCheck = 1120;
				LastUpgradeCheck = 1120;
				ORGANIZATIONNAME = "Gonzalo Birrueta";
				TargetAttributes = {
					E0604E2623A0B20200D9203B = {
						CreatedOnToolsVersion = 11.2;
					};
				};
			};
			buildConfigurationList = E0604E2223A0B20200D9203B /* Build configuration list for PBXProject "WeatherWardrobe" */;
			compatibilityVersion = "Xcode 9.3";
			developmentRegion = en;
			hasScannedForEncodings = 0;
			knownRegions = (
				en,
				Base,
			);
			mainGroup = E0604E1E23A0B20200D9203B;
			productRefGroup = E0604E2823A0B20200D9203B /* Products */;
			projectDirPath = "";
			projectRoot = "";
			targets = (
				E0604E2623A0B20200D9203B /* WeatherWardrobe */,
			);
		};
/* End PBXProject section */

/* Begin PBXResourcesBuildPhase section */
		E0604E2523A0B20200D9203B /* Resources */ = {
			isa = PBXResourcesBuildPhase;
			buildActionMask = 2147483647;
			files = (
				E0604E3A23A0B20400D9203B /* LaunchScreen.storyboard in Resources */,
				E0604E3723A0B20400D9203B /* Assets.xcassets in Resources */,
				E0604E3223A0B20200D9203B /* Main.storyboard in Resources */,
			);
			runOnlyForDeploymentPostprocessing = 0;
		};
/* End PBXResourcesBuildPhase section */

/* Begin PBXSourcesBuildPhase section */
		E0604E2323A0B20200D9203B /* Sources */ = {
			isa = PBXSourcesBuildPhase;
			buildActionMask = 2147483647;
			files = (
				E0604E2F23A0B20200D9203B /* ViewController.swift in Sources */,
				E0604E2B23A0B20200D9203B /* AppDelegate.swift in Sources */,
				E0604E3523A0B20200D9203B /* WeatherWardrobe.xcdatamodeld in Sources */,
				E0177FD123A1FCEA00F92EAD /* TableViewController.swift in Sources */,
				E0604E2D23A0B20200D9203B /* SceneDelegate.swift in Sources */,
			);
			runOnlyForDeploymentPostprocessing = 0;
		};
/* End PBXSourcesBuildPhase section */

/* Begin PBXVariantGroup section */
		E0604E3023A0B20200D9203B /* Main.storyboard */ = {
			isa = PBXVariantGroup;
			children = (
				E0604E3123A0B20200D9203B /* Base */,
			);
			name = Main.storyboard;
			sourceTree = "<group>";
		};
		E0604E3823A0B20400D9203B /* LaunchScreen.storyboard */ = {
			isa = PBXVariantGroup;
			children = (
				E0604E3923A0B20400D9203B /* Base */,
			);
			name = LaunchScreen.storyboard;
			sourceTree = "<group>";
		};
/* End PBXVariantGroup section */

/* Begin XCBuildConfiguration section */
		E0604E3C23A0B20400D9203B /* Debug */ = {
			isa = XCBuildConfiguration;
			buildSettings = {
				ALWAYS_SEARCH_USER_PATHS = NO;
				CLANG_ANALYZER_NONNULL = YES;
				CLANG_ANALYZER_NUMBER_OBJECT_CONVERSION = YES_AGGRESSIVE;
				CLANG_CXX_LANGUAGE_STANDARD = "gnu++14";
				CLANG_CXX_LIBRARY = "libc++";
				CLANG_ENABLE_MODULES = YES;
				CLANG_ENABLE_OBJC_ARC = YES;
				CLANG_ENABLE_OBJC_WEAK = YES;
				CLANG_WARN_BLOCK_CAPTURE_AUTORELEASING = YES;
				CLANG_WARN_BOOL_CONVERSION = YES;
				CLANG_WARN_COMMA = YES;
				CLANG_WARN_CONSTANT_CONVERSION = YES;
				CLANG_WARN_DEPRECATED_OBJC_IMPLEMENTATIONS = YES;
				CLANG_WARN_DIRECT_OBJC_ISA_USAGE = YES_ERROR;
				CLANG_WARN_DOCUMENTATION_COMMENTS = YES;
				CLANG_WARN_EMPTY_BODY = YES;
				CLANG_WARN_ENUM_CONVERSION = YES;
				CLANG_WARN_INFINITE_RECURSION = YES;
				CLANG_WARN_INT_CONVERSION = YES;
				CLANG_WARN_NON_LITERAL_NULL_CONVERSION = YES;
				CLANG_WARN_OBJC_IMPLICIT_RETAIN_SELF = YES;
				CLANG_WARN_OBJC_LITERAL_CONVERSION = YES;
				CLANG_WARN_OBJC_ROOT_CLASS = YES_ERROR;
				CLANG_WARN_RANGE_LOOP_ANALYSIS = YES;
				CLANG_WARN_STRICT_PROTOTYPES = YES;
				CLANG_WARN_SUSPICIOUS_MOVE = YES;
				CLANG_WARN_UNGUARDED_AVAILABILITY = YES_AGGRESSIVE;
				CLANG_WARN_UNREACHABLE_CODE = YES;
				CLANG_WARN__DUPLICATE_METHOD_MATCH = YES;
				COPY_PHASE_STRIP = NO;
				DEBUG_INFORMATION_FORMAT = dwarf;
				ENABLE_STRICT_OBJC_MSGSEND = YES;
				ENABLE_TESTABILITY = YES;
				GCC_C_LANGUAGE_STANDARD = gnu11;
				GCC_DYNAMIC_NO_PIC = NO;
				GCC_NO_COMMON_BLOCKS = YES;
				GCC_OPTIMIZATION_LEVEL = 0;
				GCC_PREPROCESSOR_DEFINITIONS = (
					"DEBUG=1",
					"$(inherited)",
				);
				GCC_WARN_64_TO_32_BIT_CONVERSION = YES;
				GCC_WARN_ABOUT_RETURN_TYPE = YES_ERROR;
				GCC_WARN_UNDECLARED_SELECTOR = YES;
				GCC_WARN_UNINITIALIZED_AUTOS = YES_AGGRESSIVE;
				GCC_WARN_UNUSED_FUNCTION = YES;
				GCC_WARN_UNUSED_VARIABLE = YES;
				IPHONEOS_DEPLOYMENT_TARGET = 13.2;
				MTL_ENABLE_DEBUG_INFO = INCLUDE_SOURCE;
				MTL_FAST_MATH = YES;
				ONLY_ACTIVE_ARCH = YES;
				SDKROOT = iphoneos;
				SWIFT_ACTIVE_COMPILATION_CONDITIONS = DEBUG;
				SWIFT_OPTIMIZATION_LEVEL = "-Onone";
			};
			name = Debug;
		};
		E0604E3D23A0B20400D9203B /* Release */ = {
			isa = XCBuildConfiguration;
			buildSettings = {
				ALWAYS_SEARCH_USER_PATHS = NO;
				CLANG_ANALYZER_NONNULL = YES;
				CLANG_ANALYZER_NUMBER_OBJECT_CONVERSION = YES_AGGRESSIVE;
				CLANG_CXX_LANGUAGE_STANDARD = "gnu++14";
				CLANG_CXX_LIBRARY = "libc++";
				CLANG_ENABLE_MODULES = YES;
				CLANG_ENABLE_OBJC_ARC = YES;
				CLANG_ENABLE_OBJC_WEAK = YES;
				CLANG_WARN_BLOCK_CAPTURE_AUTORELEASING = YES;
				CLANG_WARN_BOOL_CONVERSION = YES;
				CLANG_WARN_COMMA = YES;
				CLANG_WARN_CONSTANT_CONVERSION = YES;
				CLANG_WARN_DEPRECATED_OBJC_IMPLEMENTATIONS = YES;
				CLANG_WARN_DIRECT_OBJC_ISA_USAGE = YES_ERROR;
				CLANG_WARN_DOCUMENTATION_COMMENTS = YES;
				CLANG_WARN_EMPTY_BODY = YES;
				CLANG_WARN_ENUM_CONVERSION = YES;
				CLANG_WARN_INFINITE_RECURSION = YES;
				CLANG_WARN_INT_CONVERSION = YES;
				CLANG_WARN_NON_LITERAL_NULL_CONVERSION = YES;
				CLANG_WARN_OBJC_IMPLICIT_RETAIN_SELF = YES;
				CLANG_WARN_OBJC_LITERAL_CONVERSION = YES;
				CLANG_WARN_OBJC_ROOT_CLASS = YES_ERROR;
				CLANG_WARN_RANGE_LOOP_ANALYSIS = YES;
				CLANG_WARN_STRICT_PROTOTYPES = YES;
				CLANG_WARN_SUSPICIOUS_MOVE = YES;
				CLANG_WARN_UNGUARDED_AVAILABILITY = YES_AGGRESSIVE;
				CLANG_WARN_UNREACHABLE_CODE = YES;
				CLANG_WARN__DUPLICATE_METHOD_MATCH = YES;
				COPY_PHASE_STRIP = NO;
				DEBUG_INFORMATION_FORMAT = "dwarf-with-dsym";
				ENABLE_NS_ASSERTIONS = NO;
				ENABLE_STRICT_OBJC_MSGSEND = YES;
				GCC_C_LANGUAGE_STANDARD = gnu11;
				GCC_NO_COMMON_BLOCKS = YES;
				GCC_WARN_64_TO_32_BIT_CONVERSION = YES;
				GCC_WARN_ABOUT_RETURN_TYPE = YES_ERROR;
				GCC_WARN_UNDECLARED_SELECTOR = YES;
				GCC_WARN_UNINITIALIZED_AUTOS = YES_AGGRESSIVE;
				GCC_WARN_UNUSED_FUNCTION = YES;
				GCC_WARN_UNUSED_VARIABLE = YES;
				IPHONEOS_DEPLOYMENT_TARGET = 13.2;
				MTL_ENABLE_DEBUG_INFO = NO;
				MTL_FAST_MATH = YES;
				SDKROOT = iphoneos;
				SWIFT_COMPILATION_MODE = wholemodule;
				SWIFT_OPTIMIZATION_LEVEL = "-O";
				VALIDATE_PRODUCT = YES;
			};
			name = Release;
		};
		E0604E3F23A0B20400D9203B /* Debug */ = {
			isa = XCBuildConfiguration;
			buildSettings = {
				ASSETCATALOG_COMPILER_APPICON_NAME = AppIcon;
				CODE_SIGN_STYLE = Automatic;
				DEVELOPMENT_TEAM = 5279V8AMRR;
				INFOPLIST_FILE = WeatherWardrobe/Info.plist;
				LD_RUNPATH_SEARCH_PATHS = (
					"$(inherited)",
					"@executable_path/Frameworks",
				);
				PRODUCT_BUNDLE_IDENTIFIER = com.GonzaloBirrueta.WeatherWardrobe;
				PRODUCT_NAME = "$(TARGET_NAME)";
				SWIFT_VERSION = 5.0;
				TARGETED_DEVICE_FAMILY = "1,2";
			};
			name = Debug;
		};
		E0604E4023A0B20400D9203B /* Release */ = {
			isa = XCBuildConfiguration;
			buildSettings = {
				ASSETCATALOG_COMPILER_APPICON_NAME = AppIcon;
				CODE_SIGN_STYLE = Automatic;
				DEVELOPMENT_TEAM = 5279V8AMRR;
				INFOPLIST_FILE = WeatherWardrobe/Info.plist;
				LD_RUNPATH_SEARCH_PATHS = (
					"$(inherited)",
					"@executable_path/Frameworks",
				);
				PRODUCT_BUNDLE_IDENTIFIER = com.GonzaloBirrueta.WeatherWardrobe;
				PRODUCT_NAME = "$(TARGET_NAME)";
				SWIFT_VERSION = 5.0;
				TARGETED_DEVICE_FAMILY = "1,2";
			};
			name = Release;
		};
/* End XCBuildConfiguration section */

/* Begin XCConfigurationList section */
		E0604E2223A0B20200D9203B /* Build configuration list for PBXProject "WeatherWardrobe" */ = {
			isa = XCConfigurationList;
			buildConfigurations = (
				E0604E3C23A0B20400D9203B /* Debug */,
				E0604E3D23A0B20400D9203B /* Release */,
			);
			defaultConfigurationIsVisible = 0;
			defaultConfigurationName = Release;
		};
		E0604E3E23A0B20400D9203B /* Build configuration list for PBXNativeTarget "WeatherWardrobe" */ = {
			isa = XCConfigurationList;
			buildConfigurations = (
				E0604E3F23A0B20400D9203B /* Debug */,
				E0604E4023A0B20400D9203B /* Release */,
			);
			defaultConfigurationIsVisible = 0;
			defaultConfigurationName = Release;
		};
/* End XCConfigurationList section */

/* Begin XCVersionGroup section */
		E0604E3323A0B20200D9203B /* WeatherWardrobe.xcdatamodeld */ = {
			isa = XCVersionGroup;
			children = (
				E0604E3423A0B20200D9203B /* WeatherWardrobe.xcdatamodel */,
			);
			currentVersion = E0604E3423A0B20200D9203B /* WeatherWardrobe.xcdatamodel */;
			path = WeatherWardrobe.xcdatamodeld;
			sourceTree = "<group>";
			versionGroupType = wrapper.xcdatamodel;
		};
/* End XCVersionGroup section */
	};
	rootObject = E0604E1F23A0B20200D9203B /* Project object */;
}
